<?xml version="1.0" encoding="utf-8"?>
<Project ToolsVersion="4.0" xmlns="http://schemas.microsoft.com/developer/msbuild/2003">
  <ItemGroup>
    <Filter Include="Source Files">
      <UniqueIdentifier>{b3c0f974-f181-4865-b154-f23134c30112}</UniqueIdentifier>
      <Extensions>cpp;c;cxx;rc;def;r;odl;idl;hpj;bat</Extensions>
    </Filter>
    <Filter Include="Header Files">
      <UniqueIdentifier>{975c37a6-17ec-4ad4-907f-885c1c79f3d2}</UniqueIdentifier>
      <Extensions>h;hpp;hxx;hm;inl</Extensions>
    </Filter>
    <Filter Include="Resource Files">
      <UniqueIdentifier>{93d24965-d34e-4c7a-bebe-03cfda6907cf}</UniqueIdentifier>
      <Extensions>ico;cur;bmp;dlg;rc2;rct;bin;rgs;gif;jpg;jpeg;jpe</Extensions>
    </Filter>
  </ItemGroup>
  <ItemGroup>
    <ClCompile Include="SchKillFileApp.cpp">
      <Filter>Source Files</Filter>
    </ClCompile>
    <ClCompile Include="SchKillFileAppDlg.cpp">
      <Filter>Source Files</Filter>
    </ClCompile>
    <ClCompile Include="StdAfx.cpp">
      <Filter>Source Files</Filter>
    </ClCompile>
    <ClCompile Include="utils.cpp">
      <Filter>Source Files</Filter>
    </ClCompile>
  </ItemGroup>
  <ItemGroup>
    <ResourceCompile Include="SchKillFileApp.rc">
      <Filter>Source Files</Filter>
    </ResourceCompile>
  </ItemGroup>
  <ItemGroup>
    <ClInclude Include="SchKillFileApp.h">
      <Filter>Header Files</Filter>
    </ClInclude>
    <ClInclude Include="SchKillFileAppDlg.h">
      <Filter>Header Files</Filter>
    </ClInclude>
    <ClInclude Include="Resource.h">
      <Filter>Header Files</Filter>
    </ClInclude>
    <ClInclude Include="StdAfx.h">
      <Filter>Header Files</Filter>
    </ClInclude>
    <ClInclude Include="utils.h">
      <Filter>Header Files</Filter>
    </ClInclude>
  </ItemGroup>
  <ItemGroup>
    <Image Include="mylogo.ico">
      <Filter>Resource Files</Filter>
    </Image>
  </ItemGroup>
  <ItemGroup>
    <None Include="res\SchKillFileApp.rc2">
      <Filter>Resource Files</Filter>
    </None>
    <None Include="res\SchKillFileDrv_arm64.sys">
      <Filter>Resource Files</Filter>
    </None>
    <None Include="res\SchKillFileDrv_x64.sys">
      <Filter>Resource Files</Filter>
    </None>
    <None Include="res\SchKillFileDrv_x86.sys">
      <Filter>Resource Files</Filter>
    </None>
    <None Include="res\SchKillFileDrv_arm.sys">
      <Filter>Resource Files</Filter>
    </None>
  </ItemGroup>
</Project>