
Microsoft Visual Studio Solution File, Format Version 12.00
# Visual Studio Version 17
VisualStudioVersion = 17.11.35312.102
MinimumVisualStudioVersion = 10.0.40219.1
Project("{8BC9CEB8-8B4A-11D0-8D11-00A0C91BC942}") = "SchKillFileApp", "SchKillFileApp.vcxproj", "{E803B831-50D6-47C8-AF2C-00F8EE0A1D55}"
EndProject
Global
	GlobalSection(SolutionConfigurationPlatforms) = preSolution
		Debug|ARM = Debug|ARM
		Debug|ARM64 = Debug|ARM64
		Debug|Win32 = Debug|Win32
		Debug|x64 = Debug|x64
		Release|ARM = Release|ARM
		Release|ARM64 = Release|ARM64
		Release|Win32 = Release|Win32
		Release|x64 = Release|x64
	EndGlobalSection
	GlobalSection(ProjectConfigurationPlatforms) = postSolution
		{E803B831-50D6-47C8-AF2C-00F8EE0A1D55}.Debug|ARM.ActiveCfg = Debug|ARM
		{E803B831-50D6-47C8-AF2C-00F8EE0A1D55}.Debug|ARM.Build.0 = Debug|ARM
		{E803B831-50D6-47C8-AF2C-00F8EE0A1D55}.Debug|ARM64.ActiveCfg = Debug|ARM64
		{E803B831-50D6-47C8-AF2C-00F8EE0A1D55}.Debug|ARM64.Build.0 = Debug|ARM64
		{E803B831-50D6-47C8-AF2C-00F8EE0A1D55}.Debug|Win32.ActiveCfg = Debug|Win32
		{E803B831-50D6-47C8-AF2C-00F8EE0A1D55}.Debug|Win32.Build.0 = Debug|Win32
		{E803B831-50D6-47C8-AF2C-00F8EE0A1D55}.Debug|x64.ActiveCfg = Debug|x64
		{E803B831-50D6-47C8-AF2C-00F8EE0A1D55}.Debug|x64.Build.0 = Debug|x64
		{E803B831-50D6-47C8-AF2C-00F8EE0A1D55}.Release|ARM.ActiveCfg = Release|ARM
		{E803B831-50D6-47C8-AF2C-00F8EE0A1D55}.Release|ARM.Build.0 = Release|ARM
		{E803B831-50D6-47C8-AF2C-00F8EE0A1D55}.Release|ARM64.ActiveCfg = Release|ARM64
		{E803B831-50D6-47C8-AF2C-00F8EE0A1D55}.Release|ARM64.Build.0 = Release|ARM64
		{E803B831-50D6-47C8-AF2C-00F8EE0A1D55}.Release|Win32.ActiveCfg = Release|Win32
		{E803B831-50D6-47C8-AF2C-00F8EE0A1D55}.Release|Win32.Build.0 = Release|Win32
		{E803B831-50D6-47C8-AF2C-00F8EE0A1D55}.Release|x64.ActiveCfg = Release|x64
		{E803B831-50D6-47C8-AF2C-00F8EE0A1D55}.Release|x64.Build.0 = Release|x64
	EndGlobalSection
	GlobalSection(SolutionProperties) = preSolution
		HideSolutionNode = FALSE
	EndGlobalSection
	GlobalSection(ExtensibilityGlobals) = postSolution
		SolutionGuid = {4301B174-BFC9-42B6-B311-7BFEB0192F64}
	EndGlobalSection
EndGlobal
